// !$*UTF8*$!
{
	archiveVersion = 1;
	classes = {
	};
	objectVersion = 46;
	objects = {

/* Begin PBXBuildFile section */
		2116066C1D76ACDF00860E2A /* main.m in Sources */ = {isa = PBXBuildFile; fileRef = 2116066B1D76ACDF00860E2A /* main.m */; };
		2116066F1D76ACDF00860E2A /* AppDelegate.m in Sources */ = {isa = PBXBuildFile; fileRef = 2116066E1D76ACDF00860E2A /* AppDelegate.m */; };
		211606721D76ACDF00860E2A /* ViewController.m in Sources */ = {isa = PBXBuildFile; fileRef = 211606711D76ACDF00860E2A /* ViewController.m */; };
		211606771D76ACDF00860E2A /* Images.xcassets in Resources */ = {isa = PBXBuildFile; fileRef = 211606761D76ACDF00860E2A /* Images.xcassets */; };
		2116067A1D76ACDF00860E2A /* LaunchScreen.xib in Resources */ = {isa = PBXBuildFile; fileRef = 211606781D76ACDF00860E2A /* LaunchScreen.xib */; };
		211606861D76ACE000860E2A /* HouseJinniTests.m in Sources */ = {isa = PBXBuildFile; fileRef = 211606851D76ACE000860E2A /* HouseJinniTests.m */; };
		211606901D76AD8F00860E2A /* ViewController.xib in Resources */ = {isa = PBXBuildFile; fileRef = 2116068F1D76AD8F00860E2A /* ViewController.xib */; };
		29C327511E228BD800F2369E /* Foundation.framework in Frameworks */ = {isa = PBXBuildFile; fileRef = 29C327501E228BD800F2369E /* Foundation.framework */; };
		29C327531E228BE400F2369E /* CoreGraphics.framework in Frameworks */ = {isa = PBXBuildFile; fileRef = 29C327521E228BE400F2369E /* CoreGraphics.framework */; };
		29C327551E228BF100F2369E /* UIKit.framework in Frameworks */ = {isa = PBXBuildFile; fileRef = 29C327541E228BF100F2369E /* UIKit.framework */; };
		29C327581E2295B200F2369E /* Products.m in Sources */ = {isa = PBXBuildFile; fileRef = 29C327571E2295B200F2369E /* Products.m */; };
		29C327621E22C9F000F2369E /* Cart.m in Sources */ = {isa = PBXBuildFile; fileRef = 29C327611E22C9F000F2369E /* Cart.m */; };
		29C327671E22CE6000F2369E /* CartItem.m in Sources */ = {isa = PBXBuildFile; fileRef = 29C327661E22CE6000F2369E /* CartItem.m */; };
		29C3276F1E22DB8100F2369E /* CheckoutHeaderView.m in Sources */ = {isa = PBXBuildFile; fileRef = 29C3276E1E22DB8100F2369E /* CheckoutHeaderView.m */; };
		29C327711E22DB9E00F2369E /* CheckoutHeaderView.xib in Resources */ = {isa = PBXBuildFile; fileRef = 29C327701E22DB9E00F2369E /* CheckoutHeaderView.xib */; };
		29F451051E2135DA00B89989 /* CartViewController.m in Sources */ = {isa = PBXBuildFile; fileRef = 29F451031E2135DA00B89989 /* CartViewController.m */; };
		29F451061E2135DA00B89989 /* CartViewController.xib in Resources */ = {isa = PBXBuildFile; fileRef = 29F451041E2135DA00B89989 /* CartViewController.xib */; };
		29F4510D1E2195F300B89989 /* ProductTableViewCell.m in Sources */ = {isa = PBXBuildFile; fileRef = 29F4510B1E2195F300B89989 /* ProductTableViewCell.m */; };
		29F4510E1E2195F300B89989 /* ProductTableViewCell.xib in Resources */ = {isa = PBXBuildFile; fileRef = 29F4510C1E2195F300B89989 /* ProductTableViewCell.xib */; };
		29F451181E21A0C400B89989 /* ProductCartCell.m in Sources */ = {isa = PBXBuildFile; fileRef = 29F451161E21A0C400B89989 /* ProductCartCell.m */; };
		29F451191E21A0C400B89989 /* ProductCartCell.xib in Resources */ = {isa = PBXBuildFile; fileRef = 29F451171E21A0C400B89989 /* ProductCartCell.xib */; };
		6F2E14751D7FE37B0020AA94 /* UIFont+Utility.m in Sources */ = {isa = PBXBuildFile; fileRef = 6F2E14741D7FE37B0020AA94 /* UIFont+Utility.m */; };
		6F7CBBC01D8138DA00F2F541 /* SignUpButtonTableViewCell.m in Sources */ = {isa = PBXBuildFile; fileRef = 6F7CBBBE1D8138DA00F2F541 /* SignUpButtonTableViewCell.m */; };
		6F7CBBC11D8138DA00F2F541 /* SignUpButtonTableViewCell.xib in Resources */ = {isa = PBXBuildFile; fileRef = 6F7CBBBF1D8138DA00F2F541 /* SignUpButtonTableViewCell.xib */; };
		6F7CBBC41D8139D600F2F541 /* unchecked_checkbox.png in Resources */ = {isa = PBXBuildFile; fileRef = 6F7CBBC31D8139D600F2F541 /* unchecked_checkbox.png */; };
		6F7CBBC61D8139EE00F2F541 /* checked_checkbox.png in Resources */ = {isa = PBXBuildFile; fileRef = 6F7CBBC51D8139EE00F2F541 /* checked_checkbox.png */; };
		6FFA31FA1D7E8F1B0037EAF1 /* UserDataModel.m in Sources */ = {isa = PBXBuildFile; fileRef = 6FFA31F91D7E8F1B0037EAF1 /* UserDataModel.m */; };
		AB650BBE1D93CF1A0086FC86 /* UITextField+Utility.m in Sources */ = {isa = PBXBuildFile; fileRef = AB650BBD1D93CF1A0086FC86 /* UITextField+Utility.m */; };
		AB8CCA921D8A87D700793CFD /* SubCategoryViewController.m in Sources */ = {isa = PBXBuildFile; fileRef = AB8CCA901D8A87D700793CFD /* SubCategoryViewController.m */; };
		AB8CCA931D8A87D700793CFD /* SubCategoryViewController.xib in Resources */ = {isa = PBXBuildFile; fileRef = AB8CCA911D8A87D700793CFD /* SubCategoryViewController.xib */; };
		AB8CCA981D8A898F00793CFD /* PickerCustomTableViewCell.m in Sources */ = {isa = PBXBuildFile; fileRef = AB8CCA961D8A898F00793CFD /* PickerCustomTableViewCell.m */; };
		AB8CCA991D8A898F00793CFD /* PickerCustomTableViewCell.xib in Resources */ = {isa = PBXBuildFile; fileRef = AB8CCA971D8A898F00793CFD /* PickerCustomTableViewCell.xib */; };
		AB8CCA9E1D8A8FDE00793CFD /* AddItemViewController.m in Sources */ = {isa = PBXBuildFile; fileRef = AB8CCA9C1D8A8FDE00793CFD /* AddItemViewController.m */; };
		AB8CCA9F1D8A8FDE00793CFD /* AddItemViewController.xib in Resources */ = {isa = PBXBuildFile; fileRef = AB8CCA9D1D8A8FDE00793CFD /* AddItemViewController.xib */; };
		AB8CCAA51D8A98DB00793CFD /* addSubCategoryViewController.m in Sources */ = {isa = PBXBuildFile; fileRef = AB8CCAA31D8A98DB00793CFD /* addSubCategoryViewController.m */; };
		AB8CCAA61D8A98DB00793CFD /* addSubCategoryViewController.xib in Resources */ = {isa = PBXBuildFile; fileRef = AB8CCAA41D8A98DB00793CFD /* addSubCategoryViewController.xib */; };
		ABB9BB5C1D87F25200E84492 /* InventoryViewController.m in Sources */ = {isa = PBXBuildFile; fileRef = ABB9BB5A1D87F25200E84492 /* InventoryViewController.m */; };
		ABB9BB5D1D87F25200E84492 /* InventoryViewController.xib in Resources */ = {isa = PBXBuildFile; fileRef = ABB9BB5B1D87F25200E84492 /* InventoryViewController.xib */; };
		ABB9BB611D87FFD700E84492 /* AddButton.png in Resources */ = {isa = PBXBuildFile; fileRef = ABB9BB601D87FFD700E84492 /* AddButton.png */; };
		ABB9BB651D88072900E84492 /* AddMainCategoryViewController.m in Sources */ = {isa = PBXBuildFile; fileRef = ABB9BB631D88072900E84492 /* AddMainCategoryViewController.m */; };
		ABB9BB661D88072900E84492 /* AddMainCategoryViewController.xib in Resources */ = {isa = PBXBuildFile; fileRef = ABB9BB641D88072900E84492 /* AddMainCategoryViewController.xib */; };
		ABB9BB6B1D880EF500E84492 /* addCatagoryTextFieldTableViewCell.m in Sources */ = {isa = PBXBuildFile; fileRef = ABB9BB691D880EF500E84492 /* addCatagoryTextFieldTableViewCell.m */; };
		ABB9BB6C1D880EF500E84492 /* addCatagoryTextFieldTableViewCell.xib in Resources */ = {isa = PBXBuildFile; fileRef = ABB9BB6A1D880EF500E84492 /* addCatagoryTextFieldTableViewCell.xib */; };
		D052A8741D780F44004C8306 /* Default-568h@2x.png in Resources */ = {isa = PBXBuildFile; fileRef = D052A8731D780F44004C8306 /* Default-568h@2x.png */; };
		D052A8781D7812BF004C8306 /* HomeViewController.m in Sources */ = {isa = PBXBuildFile; fileRef = D052A8761D7812BF004C8306 /* HomeViewController.m */; };
		D052A8791D7812BF004C8306 /* HomeViewController.xib in Resources */ = {isa = PBXBuildFile; fileRef = D052A8771D7812BF004C8306 /* HomeViewController.xib */; };
		D0688ABC1D7802AE00FF9A05 /* SignUpViewController.m in Sources */ = {isa = PBXBuildFile; fileRef = D0688ABA1D7802AE00FF9A05 /* SignUpViewController.m */; };
		D0688ABD1D7802AE00FF9A05 /* SignUpViewController.xib in Resources */ = {isa = PBXBuildFile; fileRef = D0688ABB1D7802AE00FF9A05 /* SignUpViewController.xib */; };
		D0688AC11D78041A00FF9A05 /* SignUpTableViewCell.m in Sources */ = {isa = PBXBuildFile; fileRef = D0688ABF1D78041A00FF9A05 /* SignUpTableViewCell.m */; };
		D0688AC21D78041A00FF9A05 /* SignUpTableViewCell.xib in Resources */ = {isa = PBXBuildFile; fileRef = D0688AC01D78041A00FF9A05 /* SignUpTableViewCell.xib */; };
/* End PBXBuildFile section */

/* Begin PBXContainerItemProxy section */
		211606801D76ACDF00860E2A /* PBXContainerItemProxy */ = {
			isa = PBXContainerItemProxy;
			containerPortal = 2116065E1D76ACDE00860E2A /* Project object */;
			proxyType = 1;
			remoteGlobalIDString = 211606651D76ACDF00860E2A;
			remoteInfo = HouseJinni;
		};
/* End PBXContainerItemProxy section */

/* Begin PBXFileReference section */
		211606661D76ACDF00860E2A /* HouseJinni.app */ = {isa = PBXFileReference; explicitFileType = wrapper.application; includeInIndex = 0; path = HouseJinni.app; sourceTree = BUILT_PRODUCTS_DIR; };
		2116066A1D76ACDF00860E2A /* Info.plist */ = {isa = PBXFileReference; lastKnownFileType = text.plist.xml; path = Info.plist; sourceTree = "<group>"; };
		2116066B1D76ACDF00860E2A /* main.m */ = {isa = PBXFileReference; lastKnownFileType = sourcecode.c.objc; path = main.m; sourceTree = "<group>"; };
		2116066D1D76ACDF00860E2A /* AppDelegate.h */ = {isa = PBXFileReference; lastKnownFileType = sourcecode.c.h; path = AppDelegate.h; sourceTree = "<group>"; };
		2116066E1D76ACDF00860E2A /* AppDelegate.m */ = {isa = PBXFileReference; lastKnownFileType = sourcecode.c.objc; path = AppDelegate.m; sourceTree = "<group>"; };
		211606701D76ACDF00860E2A /* ViewController.h */ = {isa = PBXFileReference; lastKnownFileType = sourcecode.c.h; path = ViewController.h; sourceTree = "<group>"; };
		211606711D76ACDF00860E2A /* ViewController.m */ = {isa = PBXFileReference; lastKnownFileType = sourcecode.c.objc; path = ViewController.m; sourceTree = "<group>"; };
		211606761D76ACDF00860E2A /* Images.xcassets */ = {isa = PBXFileReference; lastKnownFileType = folder.assetcatalog; path = Images.xcassets; sourceTree = "<group>"; };
		211606791D76ACDF00860E2A /* Base */ = {isa = PBXFileReference; lastKnownFileType = file.xib; name = Base; path = Base.lproj/LaunchScreen.xib; sourceTree = "<group>"; };
		2116067F1D76ACDF00860E2A /* HouseJinniTests.xctest */ = {isa = PBXFileReference; explicitFileType = wrapper.cfbundle; includeInIndex = 0; path = HouseJinniTests.xctest; sourceTree = BUILT_PRODUCTS_DIR; };
		211606841D76ACE000860E2A /* Info.plist */ = {isa = PBXFileReference; lastKnownFileType = text.plist.xml; path = Info.plist; sourceTree = "<group>"; };
		211606851D76ACE000860E2A /* HouseJinniTests.m */ = {isa = PBXFileReference; lastKnownFileType = sourcecode.c.objc; path = HouseJinniTests.m; sourceTree = "<group>"; };
		2116068F1D76AD8F00860E2A /* ViewController.xib */ = {isa = PBXFileReference; fileEncoding = 4; lastKnownFileType = file.xib; path = ViewController.xib; sourceTree = "<group>"; };
		29C327501E228BD800F2369E /* Foundation.framework */ = {isa = PBXFileReference; lastKnownFileType = wrapper.framework; name = Foundation.framework; path = System/Library/Frameworks/Foundation.framework; sourceTree = SDKROOT; };
		29C327521E228BE400F2369E /* CoreGraphics.framework */ = {isa = PBXFileReference; lastKnownFileType = wrapper.framework; name = CoreGraphics.framework; path = System/Library/Frameworks/CoreGraphics.framework; sourceTree = SDKROOT; };
		29C327541E228BF100F2369E /* UIKit.framework */ = {isa = PBXFileReference; lastKnownFileType = wrapper.framework; name = UIKit.framework; path = System/Library/Frameworks/UIKit.framework; sourceTree = SDKROOT; };
		29C327561E2295B200F2369E /* Products.h */ = {isa = PBXFileReference; fileEncoding = 4; lastKnownFileType = sourcecode.c.h; path = Products.h; sourceTree = "<group>"; };
		29C327571E2295B200F2369E /* Products.m */ = {isa = PBXFileReference; fileEncoding = 4; lastKnownFileType = sourcecode.c.objc; path = Products.m; sourceTree = "<group>"; };
		29C327601E22C9F000F2369E /* Cart.h */ = {isa = PBXFileReference; fileEncoding = 4; lastKnownFileType = sourcecode.c.h; path = Cart.h; sourceTree = "<group>"; };
		29C327611E22C9F000F2369E /* Cart.m */ = {isa = PBXFileReference; fileEncoding = 4; lastKnownFileType = sourcecode.c.objc; path = Cart.m; sourceTree = "<group>"; };
		29C327651E22CE6000F2369E /* CartItem.h */ = {isa = PBXFileReference; fileEncoding = 4; lastKnownFileType = sourcecode.c.h; path = CartItem.h; sourceTree = "<group>"; };
		29C327661E22CE6000F2369E /* CartItem.m */ = {isa = PBXFileReference; fileEncoding = 4; lastKnownFileType = sourcecode.c.objc; path = CartItem.m; sourceTree = "<group>"; };
		29C3276D1E22DB8100F2369E /* CheckoutHeaderView.h */ = {isa = PBXFileReference; fileEncoding = 4; lastKnownFileType = sourcecode.c.h; path = CheckoutHeaderView.h; sourceTree = "<group>"; };
		29C3276E1E22DB8100F2369E /* CheckoutHeaderView.m */ = {isa = PBXFileReference; fileEncoding = 4; lastKnownFileType = sourcecode.c.objc; path = CheckoutHeaderView.m; sourceTree = "<group>"; };
		29C327701E22DB9E00F2369E /* CheckoutHeaderView.xib */ = {isa = PBXFileReference; fileEncoding = 4; lastKnownFileType = file.xib; path = CheckoutHeaderView.xib; sourceTree = "<group>"; };
		29F451021E2135DA00B89989 /* CartViewController.h */ = {isa = PBXFileReference; fileEncoding = 4; lastKnownFileType = sourcecode.c.h; path = CartViewController.h; sourceTree = "<group>"; };
		29F451031E2135DA00B89989 /* CartViewController.m */ = {isa = PBXFileReference; fileEncoding = 4; lastKnownFileType = sourcecode.c.objc; path = CartViewController.m; sourceTree = "<group>"; };
		29F451041E2135DA00B89989 /* CartViewController.xib */ = {isa = PBXFileReference; fileEncoding = 4; lastKnownFileType = file.xib; path = CartViewController.xib; sourceTree = "<group>"; };
		29F4510A1E2195F300B89989 /* ProductTableViewCell.h */ = {isa = PBXFileReference; fileEncoding = 4; lastKnownFileType = sourcecode.c.h; path = ProductTableViewCell.h; sourceTree = "<group>"; };
		29F4510B1E2195F300B89989 /* ProductTableViewCell.m */ = {isa = PBXFileReference; fileEncoding = 4; lastKnownFileType = sourcecode.c.objc; path = ProductTableViewCell.m; sourceTree = "<group>"; };
		29F4510C1E2195F300B89989 /* ProductTableViewCell.xib */ = {isa = PBXFileReference; fileEncoding = 4; lastKnownFileType = file.xib; path = ProductTableViewCell.xib; sourceTree = "<group>"; };
		29F451151E21A0C400B89989 /* ProductCartCell.h */ = {isa = PBXFileReference; fileEncoding = 4; lastKnownFileType = sourcecode.c.h; path = ProductCartCell.h; sourceTree = "<group>"; };
		29F451161E21A0C400B89989 /* ProductCartCell.m */ = {isa = PBXFileReference; fileEncoding = 4; lastKnownFileType = sourcecode.c.objc; path = ProductCartCell.m; sourceTree = "<group>"; };
		29F451171E21A0C400B89989 /* ProductCartCell.xib */ = {isa = PBXFileReference; fileEncoding = 4; lastKnownFileType = file.xib; path = ProductCartCell.xib; sourceTree = "<group>"; };
		6F2E14731D7FE37B0020AA94 /* UIFont+Utility.h */ = {isa = PBXFileReference; fileEncoding = 4; lastKnownFileType = sourcecode.c.h; path = "UIFont+Utility.h"; sourceTree = "<group>"; };
		6F2E14741D7FE37B0020AA94 /* UIFont+Utility.m */ = {isa = PBXFileReference; fileEncoding = 4; lastKnownFileType = sourcecode.c.objc; path = "UIFont+Utility.m"; sourceTree = "<group>"; };
		6F2E14781D7FED400020AA94 /* PrefixHeader.pch */ = {isa = PBXFileReference; lastKnownFileType = sourcecode.c.h; name = PrefixHeader.pch; path = ../PrefixHeader.pch; sourceTree = "<group>"; };
		6F7CBBBD1D8138DA00F2F541 /* SignUpButtonTableViewCell.h */ = {isa = PBXFileReference; fileEncoding = 4; lastKnownFileType = sourcecode.c.h; path = SignUpButtonTableViewCell.h; sourceTree = "<group>"; };
		6F7CBBBE1D8138DA00F2F541 /* SignUpButtonTableViewCell.m */ = {isa = PBXFileReference; fileEncoding = 4; lastKnownFileType = sourcecode.c.objc; path = SignUpButtonTableViewCell.m; sourceTree = "<group>"; };
		6F7CBBBF1D8138DA00F2F541 /* SignUpButtonTableViewCell.xib */ = {isa = PBXFileReference; fileEncoding = 4; lastKnownFileType = file.xib; path = SignUpButtonTableViewCell.xib; sourceTree = "<group>"; };
		6F7CBBC31D8139D600F2F541 /* unchecked_checkbox.png */ = {isa = PBXFileReference; lastKnownFileType = image.png; name = unchecked_checkbox.png; path = ../unchecked_checkbox.png; sourceTree = "<group>"; };
		6F7CBBC51D8139EE00F2F541 /* checked_checkbox.png */ = {isa = PBXFileReference; lastKnownFileType = image.png; name = checked_checkbox.png; path = ../checked_checkbox.png; sourceTree = "<group>"; };
		6FFA31F81D7E8F1B0037EAF1 /* UserDataModel.h */ = {isa = PBXFileReference; fileEncoding = 4; lastKnownFileType = sourcecode.c.h; path = UserDataModel.h; sourceTree = "<group>"; };
		6FFA31F91D7E8F1B0037EAF1 /* UserDataModel.m */ = {isa = PBXFileReference; fileEncoding = 4; lastKnownFileType = sourcecode.c.objc; path = UserDataModel.m; sourceTree = "<group>"; };
		AB650BBC1D93CF1A0086FC86 /* UITextField+Utility.h */ = {isa = PBXFileReference; fileEncoding = 4; lastKnownFileType = sourcecode.c.h; path = "UITextField+Utility.h"; sourceTree = "<group>"; };
		AB650BBD1D93CF1A0086FC86 /* UITextField+Utility.m */ = {isa = PBXFileReference; fileEncoding = 4; lastKnownFileType = sourcecode.c.objc; path = "UITextField+Utility.m"; sourceTree = "<group>"; };
		AB8CCA8F1D8A87D700793CFD /* SubCategoryViewController.h */ = {isa = PBXFileReference; fileEncoding = 4; lastKnownFileType = sourcecode.c.h; path = SubCategoryViewController.h; sourceTree = "<group>"; };
		AB8CCA901D8A87D700793CFD /* SubCategoryViewController.m */ = {isa = PBXFileReference; fileEncoding = 4; lastKnownFileType = sourcecode.c.objc; path = SubCategoryViewController.m; sourceTree = "<group>"; };
		AB8CCA911D8A87D700793CFD /* SubCategoryViewController.xib */ = {isa = PBXFileReference; fileEncoding = 4; lastKnownFileType = file.xib; path = SubCategoryViewController.xib; sourceTree = "<group>"; };
		AB8CCA951D8A898F00793CFD /* PickerCustomTableViewCell.h */ = {isa = PBXFileReference; fileEncoding = 4; lastKnownFileType = sourcecode.c.h; path = PickerCustomTableViewCell.h; sourceTree = "<group>"; };
		AB8CCA961D8A898F00793CFD /* PickerCustomTableViewCell.m */ = {isa = PBXFileReference; fileEncoding = 4; lastKnownFileType = sourcecode.c.objc; path = PickerCustomTableViewCell.m; sourceTree = "<group>"; };
		AB8CCA971D8A898F00793CFD /* PickerCustomTableViewCell.xib */ = {isa = PBXFileReference; fileEncoding = 4; lastKnownFileType = file.xib; path = PickerCustomTableViewCell.xib; sourceTree = "<group>"; };
		AB8CCA9B1D8A8FDE00793CFD /* AddItemViewController.h */ = {isa = PBXFileReference; fileEncoding = 4; lastKnownFileType = sourcecode.c.h; path = AddItemViewController.h; sourceTree = "<group>"; };
		AB8CCA9C1D8A8FDE00793CFD /* AddItemViewController.m */ = {isa = PBXFileReference; fileEncoding = 4; lastKnownFileType = sourcecode.c.objc; path = AddItemViewController.m; sourceTree = "<group>"; };
		AB8CCA9D1D8A8FDE00793CFD /* AddItemViewController.xib */ = {isa = PBXFileReference; fileEncoding = 4; lastKnownFileType = file.xib; path = AddItemViewController.xib; sourceTree = "<group>"; };
		AB8CCAA21D8A98DB00793CFD /* addSubCategoryViewController.h */ = {isa = PBXFileReference; fileEncoding = 4; lastKnownFileType = sourcecode.c.h; path = addSubCategoryViewController.h; sourceTree = "<group>"; };
		AB8CCAA31D8A98DB00793CFD /* addSubCategoryViewController.m */ = {isa = PBXFileReference; fileEncoding = 4; lastKnownFileType = sourcecode.c.objc; path = addSubCategoryViewController.m; sourceTree = "<group>"; };
		AB8CCAA41D8A98DB00793CFD /* addSubCategoryViewController.xib */ = {isa = PBXFileReference; fileEncoding = 4; lastKnownFileType = file.xib; path = addSubCategoryViewController.xib; sourceTree = "<group>"; };
		ABB9BB591D87F25200E84492 /* InventoryViewController.h */ = {isa = PBXFileReference; fileEncoding = 4; lastKnownFileType = sourcecode.c.h; path = InventoryViewController.h; sourceTree = "<group>"; };
		ABB9BB5A1D87F25200E84492 /* InventoryViewController.m */ = {isa = PBXFileReference; fileEncoding = 4; lastKnownFileType = sourcecode.c.objc; path = InventoryViewController.m; sourceTree = "<group>"; };
		ABB9BB5B1D87F25200E84492 /* InventoryViewController.xib */ = {isa = PBXFileReference; fileEncoding = 4; lastKnownFileType = file.xib; path = InventoryViewController.xib; sourceTree = "<group>"; };
		ABB9BB601D87FFD700E84492 /* AddButton.png */ = {isa = PBXFileReference; lastKnownFileType = image.png; path = AddButton.png; sourceTree = "<group>"; };
		ABB9BB621D88072900E84492 /* AddMainCategoryViewController.h */ = {isa = PBXFileReference; fileEncoding = 4; lastKnownFileType = sourcecode.c.h; path = AddMainCategoryViewController.h; sourceTree = "<group>"; };
		ABB9BB631D88072900E84492 /* AddMainCategoryViewController.m */ = {isa = PBXFileReference; fileEncoding = 4; lastKnownFileType = sourcecode.c.objc; path = AddMainCategoryViewController.m; sourceTree = "<group>"; };
		ABB9BB641D88072900E84492 /* AddMainCategoryViewController.xib */ = {isa = PBXFileReference; fileEncoding = 4; lastKnownFileType = file.xib; path = AddMainCategoryViewController.xib; sourceTree = "<group>"; };
		ABB9BB681D880EF500E84492 /* addCatagoryTextFieldTableViewCell.h */ = {isa = PBXFileReference; fileEncoding = 4; lastKnownFileType = sourcecode.c.h; path = addCatagoryTextFieldTableViewCell.h; sourceTree = "<group>"; };
		ABB9BB691D880EF500E84492 /* addCatagoryTextFieldTableViewCell.m */ = {isa = PBXFileReference; fileEncoding = 4; lastKnownFileType = sourcecode.c.objc; path = addCatagoryTextFieldTableViewCell.m; sourceTree = "<group>"; };
		ABB9BB6A1D880EF500E84492 /* addCatagoryTextFieldTableViewCell.xib */ = {isa = PBXFileReference; fileEncoding = 4; lastKnownFileType = file.xib; path = addCatagoryTextFieldTableViewCell.xib; sourceTree = "<group>"; };
		D052A8731D780F44004C8306 /* Default-568h@2x.png */ = {isa = PBXFileReference; lastKnownFileType = image.png; path = "Default-568h@2x.png"; sourceTree = "<group>"; };
		D052A8751D7812BF004C8306 /* HomeViewController.h */ = {isa = PBXFileReference; fileEncoding = 4; lastKnownFileType = sourcecode.c.h; path = HomeViewController.h; sourceTree = "<group>"; };
		D052A8761D7812BF004C8306 /* HomeViewController.m */ = {isa = PBXFileReference; fileEncoding = 4; lastKnownFileType = sourcecode.c.objc; path = HomeViewController.m; sourceTree = "<group>"; };
		D052A8771D7812BF004C8306 /* HomeViewController.xib */ = {isa = PBXFileReference; fileEncoding = 4; lastKnownFileType = file.xib; path = HomeViewController.xib; sourceTree = "<group>"; };
		D0688AB91D7802AE00FF9A05 /* SignUpViewController.h */ = {isa = PBXFileReference; fileEncoding = 4; lastKnownFileType = sourcecode.c.h; path = SignUpViewController.h; sourceTree = "<group>"; };
		D0688ABA1D7802AE00FF9A05 /* SignUpViewController.m */ = {isa = PBXFileReference; fileEncoding = 4; lastKnownFileType = sourcecode.c.objc; path = SignUpViewController.m; sourceTree = "<group>"; };
		D0688ABB1D7802AE00FF9A05 /* SignUpViewController.xib */ = {isa = PBXFileReference; fileEncoding = 4; lastKnownFileType = file.xib; path = SignUpViewController.xib; sourceTree = "<group>"; };
		D0688ABE1D78041A00FF9A05 /* SignUpTableViewCell.h */ = {isa = PBXFileReference; fileEncoding = 4; lastKnownFileType = sourcecode.c.h; path = SignUpTableViewCell.h; sourceTree = "<group>"; };
		D0688ABF1D78041A00FF9A05 /* SignUpTableViewCell.m */ = {isa = PBXFileReference; fileEncoding = 4; lastKnownFileType = sourcecode.c.objc; path = SignUpTableViewCell.m; sourceTree = "<group>"; };
		D0688AC01D78041A00FF9A05 /* SignUpTableViewCell.xib */ = {isa = PBXFileReference; fileEncoding = 4; lastKnownFileType = file.xib; path = SignUpTableViewCell.xib; sourceTree = "<group>"; };
/* End PBXFileReference section */

/* Begin PBXFrameworksBuildPhase section */
		211606631D76ACDF00860E2A /* Frameworks */ = {
			isa = PBXFrameworksBuildPhase;
			buildActionMask = 2147483647;
			files = (
				29C327551E228BF100F2369E /* UIKit.framework in Frameworks */,
				29C327531E228BE400F2369E /* CoreGraphics.framework in Frameworks */,
				29C327511E228BD800F2369E /* Foundation.framework in Frameworks */,
			);
			runOnlyForDeploymentPostprocessing = 0;
		};
		2116067C1D76ACDF00860E2A /* Frameworks */ = {
			isa = PBXFrameworksBuildPhase;
			buildActionMask = 2147483647;
			files = (
			);
			runOnlyForDeploymentPostprocessing = 0;
		};
/* End PBXFrameworksBuildPhase section */

/* Begin PBXGroup section */
		2116065D1D76ACDE00860E2A = {
			isa = PBXGroup;
			children = (
				D052A8731D780F44004C8306 /* Default-568h@2x.png */,
				ABB9BB5F1D87FFD700E84492 /* images */,
				29F4511E1E2255AB00B89989 /* Models */,
				29C327641E22CA0000F2369E /* Utils */,
				6F2E14761D7FE3810020AA94 /* Catagory */,
				211606681D76ACDF00860E2A /* HouseJinni */,
				211606821D76ACDF00860E2A /* HouseJinniTests */,
				211606671D76ACDF00860E2A /* Products */,
				29C3274F1E228BD700F2369E /* Frameworks */,
			);
			sourceTree = "<group>";
		};
		211606671D76ACDF00860E2A /* Products */ = {
			isa = PBXGroup;
			children = (
				211606661D76ACDF00860E2A /* HouseJinni.app */,
				2116067F1D76ACDF00860E2A /* HouseJinniTests.xctest */,
			);
			name = Products;
			sourceTree = "<group>";
		};
		211606681D76ACDF00860E2A /* HouseJinni */ = {
			isa = PBXGroup;
			children = (
				211606691D76ACDF00860E2A /* Supporting Files */,
				2116066D1D76ACDF00860E2A /* AppDelegate.h */,
				2116066E1D76ACDF00860E2A /* AppDelegate.m */,
				D01507361D78046B005D0BA0 /* LogIn */,
				D01507351D78045A005D0BA0 /* SignUp */,
				ABB9BB5E1D87F25700E84492 /* Inventory */,
				D052A87A1D7812C8004C8306 /* Home */,
				29F451071E21361000B89989 /* Cart */,
				211606761D76ACDF00860E2A /* Images.xcassets */,
				211606781D76ACDF00860E2A /* LaunchScreen.xib */,
				29F4511A1E22544600B89989 /* UI */,
			);
			path = HouseJinni;
			sourceTree = "<group>";
		};
		211606691D76ACDF00860E2A /* Supporting Files */ = {
			isa = PBXGroup;
			children = (
				6F2E14781D7FED400020AA94 /* PrefixHeader.pch */,
				2116066A1D76ACDF00860E2A /* Info.plist */,
				2116066B1D76ACDF00860E2A /* main.m */,
			);
			name = "Supporting Files";
			sourceTree = "<group>";
		};
		211606821D76ACDF00860E2A /* HouseJinniTests */ = {
			isa = PBXGroup;
			children = (
				211606851D76ACE000860E2A /* HouseJinniTests.m */,
				211606831D76ACE000860E2A /* Supporting Files */,
			);
			path = HouseJinniTests;
			sourceTree = "<group>";
		};
		211606831D76ACE000860E2A /* Supporting Files */ = {
			isa = PBXGroup;
			children = (
				211606841D76ACE000860E2A /* Info.plist */,
			);
			name = "Supporting Files";
			sourceTree = "<group>";
		};
		293C60BF1E24158B00781E5B /* CartModel */ = {
			isa = PBXGroup;
			children = (
				29C327651E22CE6000F2369E /* CartItem.h */,
				29C327661E22CE6000F2369E /* CartItem.m */,
			);
			name = CartModel;
			sourceTree = "<group>";
		};
		29C3274F1E228BD700F2369E /* Frameworks */ = {
			isa = PBXGroup;
			children = (
				29C327541E228BF100F2369E /* UIKit.framework */,
				29C327521E228BE400F2369E /* CoreGraphics.framework */,
				29C327501E228BD800F2369E /* Foundation.framework */,
			);
			name = Frameworks;
			sourceTree = "<group>";
		};
		29C327591E22BCFA00F2369E /* ProductModel */ = {
			isa = PBXGroup;
			children = (
				29C327561E2295B200F2369E /* Products.h */,
				29C327571E2295B200F2369E /* Products.m */,
			);
			name = ProductModel;
			sourceTree = "<group>";
		};
		29C327631E22C9F500F2369E /* Cart */ = {
			isa = PBXGroup;
			children = (
				29C327601E22C9F000F2369E /* Cart.h */,
				29C327611E22C9F000F2369E /* Cart.m */,
			);
			name = Cart;
			sourceTree = "<group>";
		};
		29C327641E22CA0000F2369E /* Utils */ = {
			isa = PBXGroup;
			children = (
				29C327631E22C9F500F2369E /* Cart */,
			);
			name = Utils;
			sourceTree = "<group>";
		};
		29F451071E21361000B89989 /* Cart */ = {
			isa = PBXGroup;
			children = (
				29F451021E2135DA00B89989 /* CartViewController.h */,
				29F451031E2135DA00B89989 /* CartViewController.m */,
				29F451041E2135DA00B89989 /* CartViewController.xib */,
			);
			name = Cart;
			path = ..;
			sourceTree = "<group>";
		};
		29F4510F1E2195FC00B89989 /* ProductCell */ = {
			isa = PBXGroup;
			children = (
				29F4510A1E2195F300B89989 /* ProductTableViewCell.h */,
				29F4510B1E2195F300B89989 /* ProductTableViewCell.m */,
				29F4510C1E2195F300B89989 /* ProductTableViewCell.xib */,
			);
			name = ProductCell;
			sourceTree = "<group>";
		};
		29F4511A1E22544600B89989 /* UI */ = {
			isa = PBXGroup;
			children = (
				29F4511D1E2254FF00B89989 /* Cell */,
			);
			name = UI;
			sourceTree = "<group>";
		};
		29F4511B1E22547500B89989 /* Checkout */ = {
			isa = PBXGroup;
			children = (
				29C3276D1E22DB8100F2369E /* CheckoutHeaderView.h */,
				29C3276E1E22DB8100F2369E /* CheckoutHeaderView.m */,
				29C327701E22DB9E00F2369E /* CheckoutHeaderView.xib */,
			);
			name = Checkout;
			sourceTree = "<group>";
		};
		29F4511C1E22548D00B89989 /* ProductCart */ = {
			isa = PBXGroup;
			children = (
				29F451151E21A0C400B89989 /* ProductCartCell.h */,
				29F451161E21A0C400B89989 /* ProductCartCell.m */,
				29F451171E21A0C400B89989 /* ProductCartCell.xib */,
			);
			name = ProductCart;
			sourceTree = "<group>";
		};
		29F4511D1E2254FF00B89989 /* Cell */ = {
			isa = PBXGroup;
			children = (
				29F4510F1E2195FC00B89989 /* ProductCell */,
				29F4511C1E22548D00B89989 /* ProductCart */,
				29F4511B1E22547500B89989 /* Checkout */,
			);
			name = Cell;
			sourceTree = "<group>";
		};
		29F4511E1E2255AB00B89989 /* Models */ = {
			isa = PBXGroup;
			children = (
				6FFA31FB1D7E8F1F0037EAF1 /* UserDataModel */,
				29C327591E22BCFA00F2369E /* ProductModel */,
				293C60BF1E24158B00781E5B /* CartModel */,
			);
			name = Models;
			sourceTree = "<group>";
		};
		6F2E14761D7FE3810020AA94 /* Catagory */ = {
			isa = PBXGroup;
			children = (
				AB650BBF1D93CF2C0086FC86 /* Font */,
				AB650BC01D93CF340086FC86 /* TextField */,
			);
			name = Catagory;
			sourceTree = "<group>";
		};
		6F7CBBC21D8138E300F2F541 /* ButtonCell */ = {
			isa = PBXGroup;
			children = (
				6F7CBBBD1D8138DA00F2F541 /* SignUpButtonTableViewCell.h */,
				6F7CBBBE1D8138DA00F2F541 /* SignUpButtonTableViewCell.m */,
				6F7CBBBF1D8138DA00F2F541 /* SignUpButtonTableViewCell.xib */,
			);
			name = ButtonCell;
			sourceTree = "<group>";
		};
		6FFA31FB1D7E8F1F0037EAF1 /* UserDataModel */ = {
			isa = PBXGroup;
			children = (
				6FFA31F81D7E8F1B0037EAF1 /* UserDataModel.h */,
				6FFA31F91D7E8F1B0037EAF1 /* UserDataModel.m */,
			);
			name = UserDataModel;
			sourceTree = "<group>";
		};
		AB650BBF1D93CF2C0086FC86 /* Font */ = {
			isa = PBXGroup;
			children = (
				6F2E14731D7FE37B0020AA94 /* UIFont+Utility.h */,
				6F2E14741D7FE37B0020AA94 /* UIFont+Utility.m */,
			);
			name = Font;
			sourceTree = "<group>";
		};
		AB650BC01D93CF340086FC86 /* TextField */ = {
			isa = PBXGroup;
			children = (
				AB650BBC1D93CF1A0086FC86 /* UITextField+Utility.h */,
				AB650BBD1D93CF1A0086FC86 /* UITextField+Utility.m */,
			);
			name = TextField;
			sourceTree = "<group>";
		};
		AB8CCA941D8A87DE00793CFD /* SubCategory */ = {
			isa = PBXGroup;
			children = (
				AB8CCA8F1D8A87D700793CFD /* SubCategoryViewController.h */,
				AB8CCA901D8A87D700793CFD /* SubCategoryViewController.m */,
				AB8CCA911D8A87D700793CFD /* SubCategoryViewController.xib */,
				AB8CCA9A1D8A899300793CFD /* Picker Cell */,
				AB8CCAA71D8A98DF00793CFD /* Add SubCategory */,
			);
			name = SubCategory;
			sourceTree = "<group>";
		};
		AB8CCA9A1D8A899300793CFD /* Picker Cell */ = {
			isa = PBXGroup;
			children = (
				AB8CCA951D8A898F00793CFD /* PickerCustomTableViewCell.h */,
				AB8CCA961D8A898F00793CFD /* PickerCustomTableViewCell.m */,
				AB8CCA971D8A898F00793CFD /* PickerCustomTableViewCell.xib */,
			);
			name = "Picker Cell";
			sourceTree = "<group>";
		};
		AB8CCAA01D8A8FE200793CFD /* Item */ = {
			isa = PBXGroup;
			children = (
				AB8CCA9B1D8A8FDE00793CFD /* AddItemViewController.h */,
				AB8CCA9C1D8A8FDE00793CFD /* AddItemViewController.m */,
				AB8CCA9D1D8A8FDE00793CFD /* AddItemViewController.xib */,
			);
			name = Item;
			sourceTree = "<group>";
		};
		AB8CCAA11D8A901600793CFD /* Main Category */ = {
			isa = PBXGroup;
			children = (
				ABB9BB591D87F25200E84492 /* InventoryViewController.h */,
				ABB9BB5A1D87F25200E84492 /* InventoryViewController.m */,
				ABB9BB5B1D87F25200E84492 /* InventoryViewController.xib */,
			);
			name = "Main Category";
			sourceTree = "<group>";
		};
		AB8CCAA71D8A98DF00793CFD /* Add SubCategory */ = {
			isa = PBXGroup;
			children = (
				AB8CCAA21D8A98DB00793CFD /* addSubCategoryViewController.h */,
				AB8CCAA31D8A98DB00793CFD /* addSubCategoryViewController.m */,
				AB8CCAA41D8A98DB00793CFD /* addSubCategoryViewController.xib */,
			);
			name = "Add SubCategory";
			sourceTree = "<group>";
		};
		ABB9BB5E1D87F25700E84492 /* Inventory */ = {
			isa = PBXGroup;
			children = (
				AB8CCAA11D8A901600793CFD /* Main Category */,
				ABB9BB671D88073000E84492 /* Add MainCategory */,
				AB8CCA941D8A87DE00793CFD /* SubCategory */,
				AB8CCAA01D8A8FE200793CFD /* Item */,
			);
			name = Inventory;
			sourceTree = "<group>";
		};
		ABB9BB5F1D87FFD700E84492 /* images */ = {
			isa = PBXGroup;
			children = (
				6F7CBBC31D8139D600F2F541 /* unchecked_checkbox.png */,
				6F7CBBC51D8139EE00F2F541 /* checked_checkbox.png */,
				ABB9BB601D87FFD700E84492 /* AddButton.png */,
			);
			path = images;
			sourceTree = "<group>";
		};
		ABB9BB671D88073000E84492 /* Add MainCategory */ = {
			isa = PBXGroup;
			children = (
				ABB9BB621D88072900E84492 /* AddMainCategoryViewController.h */,
				ABB9BB631D88072900E84492 /* AddMainCategoryViewController.m */,
				ABB9BB641D88072900E84492 /* AddMainCategoryViewController.xib */,
				ABB9BB6D1D880EFA00E84492 /* TextField Cell */,
			);
			name = "Add MainCategory";
			sourceTree = "<group>";
		};
		ABB9BB6D1D880EFA00E84492 /* TextField Cell */ = {
			isa = PBXGroup;
			children = (
				ABB9BB681D880EF500E84492 /* addCatagoryTextFieldTableViewCell.h */,
				ABB9BB691D880EF500E84492 /* addCatagoryTextFieldTableViewCell.m */,
				ABB9BB6A1D880EF500E84492 /* addCatagoryTextFieldTableViewCell.xib */,
			);
			name = "TextField Cell";
			sourceTree = "<group>";
		};
		D01507341D780443005D0BA0 /* TextFieldCell */ = {
			isa = PBXGroup;
			children = (
				D0688ABE1D78041A00FF9A05 /* SignUpTableViewCell.h */,
				D0688ABF1D78041A00FF9A05 /* SignUpTableViewCell.m */,
				D0688AC01D78041A00FF9A05 /* SignUpTableViewCell.xib */,
			);
			name = TextFieldCell;
			sourceTree = "<group>";
		};
		D01507351D78045A005D0BA0 /* SignUp */ = {
			isa = PBXGroup;
			children = (
				D0688AB91D7802AE00FF9A05 /* SignUpViewController.h */,
				D0688ABA1D7802AE00FF9A05 /* SignUpViewController.m */,
				D0688ABB1D7802AE00FF9A05 /* SignUpViewController.xib */,
				D01507341D780443005D0BA0 /* TextFieldCell */,
				6F7CBBC21D8138E300F2F541 /* ButtonCell */,
			);
			name = SignUp;
			sourceTree = "<group>";
		};
		D01507361D78046B005D0BA0 /* LogIn */ = {
			isa = PBXGroup;
			children = (
				211606701D76ACDF00860E2A /* ViewController.h */,
				211606711D76ACDF00860E2A /* ViewController.m */,
				2116068F1D76AD8F00860E2A /* ViewController.xib */,
			);
			name = LogIn;
			sourceTree = "<group>";
		};
		D052A87A1D7812C8004C8306 /* Home */ = {
			isa = PBXGroup;
			children = (
				D052A8751D7812BF004C8306 /* HomeViewController.h */,
				D052A8761D7812BF004C8306 /* HomeViewController.m */,
				D052A8771D7812BF004C8306 /* HomeViewController.xib */,
			);
			name = Home;
			sourceTree = "<group>";
		};
/* End PBXGroup section */

/* Begin PBXNativeTarget section */
		211606651D76ACDF00860E2A /* HouseJinni */ = {
			isa = PBXNativeTarget;
			buildConfigurationList = 211606891D76ACE000860E2A /* Build configuration list for PBXNativeTarget "HouseJinni" */;
			buildPhases = (
				211606621D76ACDF00860E2A /* Sources */,
				211606631D76ACDF00860E2A /* Frameworks */,
				211606641D76ACDF00860E2A /* Resources */,
			);
			buildRules = (
			);
			dependencies = (
			);
			name = HouseJinni;
			productName = HouseJinni;
			productReference = 211606661D76ACDF00860E2A /* HouseJinni.app */;
			productType = "com.apple.product-type.application";
		};
		2116067E1D76ACDF00860E2A /* HouseJinniTests */ = {
			isa = PBXNativeTarget;
			buildConfigurationList = 2116068C1D76ACE000860E2A /* Build configuration list for PBXNativeTarget "HouseJinniTests" */;
			buildPhases = (
				2116067B1D76ACDF00860E2A /* Sources */,
				2116067C1D76ACDF00860E2A /* Frameworks */,
				2116067D1D76ACDF00860E2A /* Resources */,
			);
			buildRules = (
			);
			dependencies = (
				211606811D76ACDF00860E2A /* PBXTargetDependency */,
			);
			name = HouseJinniTests;
			productName = HouseJinniTests;
			productReference = 2116067F1D76ACDF00860E2A /* HouseJinniTests.xctest */;
			productType = "com.apple.product-type.bundle.unit-test";
		};
/* End PBXNativeTarget section */

/* Begin PBXProject section */
		2116065E1D76ACDE00860E2A /* Project object */ = {
			isa = PBXProject;
			attributes = {
				LastUpgradeCheck = 0820;
				ORGANIZATIONNAME = Iraniya;
				TargetAttributes = {
					211606651D76ACDF00860E2A = {
						CreatedOnToolsVersion = 6.3;
					};
					2116067E1D76ACDF00860E2A = {
						CreatedOnToolsVersion = 6.3;
						TestTargetID = 211606651D76ACDF00860E2A;
					};
				};
			};
			buildConfigurationList = 211606611D76ACDE00860E2A /* Build configuration list for PBXProject "HouseJinni" */;
			compatibilityVersion = "Xcode 3.2";
			developmentRegion = English;
			hasScannedForEncodings = 0;
			knownRegions = (
				en,
				Base,
			);
			mainGroup = 2116065D1D76ACDE00860E2A;
			productRefGroup = 211606671D76ACDF00860E2A /* Products */;
			projectDirPath = "";
			projectRoot = "";
			targets = (
				211606651D76ACDF00860E2A /* HouseJinni */,
				2116067E1D76ACDF00860E2A /* HouseJinniTests */,
			);
		};
/* End PBXProject section */

/* Begin PBXResourcesBuildPhase section */
		211606641D76ACDF00860E2A /* Resources */ = {
			isa = PBXResourcesBuildPhase;
			buildActionMask = 2147483647;
			files = (
				D0688AC21D78041A00FF9A05 /* SignUpTableViewCell.xib in Resources */,
				ABB9BB611D87FFD700E84492 /* AddButton.png in Resources */,
				6F7CBBC61D8139EE00F2F541 /* checked_checkbox.png in Resources */,
				ABB9BB6C1D880EF500E84492 /* addCatagoryTextFieldTableViewCell.xib in Resources */,
				2116067A1D76ACDF00860E2A /* LaunchScreen.xib in Resources */,
				211606901D76AD8F00860E2A /* ViewController.xib in Resources */,
				6F7CBBC11D8138DA00F2F541 /* SignUpButtonTableViewCell.xib in Resources */,
				ABB9BB5D1D87F25200E84492 /* InventoryViewController.xib in Resources */,
				AB8CCAA61D8A98DB00793CFD /* addSubCategoryViewController.xib in Resources */,
				29F451191E21A0C400B89989 /* ProductCartCell.xib in Resources */,
				6F7CBBC41D8139D600F2F541 /* unchecked_checkbox.png in Resources */,
				29C327711E22DB9E00F2369E /* CheckoutHeaderView.xib in Resources */,
				D0688ABD1D7802AE00FF9A05 /* SignUpViewController.xib in Resources */,
				AB8CCA991D8A898F00793CFD /* PickerCustomTableViewCell.xib in Resources */,
				211606771D76ACDF00860E2A /* Images.xcassets in Resources */,
				AB8CCA931D8A87D700793CFD /* SubCategoryViewController.xib in Resources */,
				ABB9BB661D88072900E84492 /* AddMainCategoryViewController.xib in Resources */,
				D052A8791D7812BF004C8306 /* HomeViewController.xib in Resources */,
				AB8CCA9F1D8A8FDE00793CFD /* AddItemViewController.xib in Resources */,
				29F4510E1E2195F300B89989 /* ProductTableViewCell.xib in Resources */,
				29F451061E2135DA00B89989 /* CartViewController.xib in Resources */,
				D052A8741D780F44004C8306 /* Default-568h@2x.png in Resources */,
			);
			runOnlyForDeploymentPostprocessing = 0;
		};
		2116067D1D76ACDF00860E2A /* Resources */ = {
			isa = PBXResourcesBuildPhase;
			buildActionMask = 2147483647;
			files = (
			);
			runOnlyForDeploymentPostprocessing = 0;
		};
/* End PBXResourcesBuildPhase section */

/* Begin PBXSourcesBuildPhase section */
		211606621D76ACDF00860E2A /* Sources */ = {
			isa = PBXSourcesBuildPhase;
			buildActionMask = 2147483647;
			files = (
				AB8CCA981D8A898F00793CFD /* PickerCustomTableViewCell.m in Sources */,
				29C3276F1E22DB8100F2369E /* CheckoutHeaderView.m in Sources */,
				D0688AC11D78041A00FF9A05 /* SignUpTableViewCell.m in Sources */,
				AB8CCA921D8A87D700793CFD /* SubCategoryViewController.m in Sources */,
				6FFA31FA1D7E8F1B0037EAF1 /* UserDataModel.m in Sources */,
				211606721D76ACDF00860E2A /* ViewController.m in Sources */,
				2116066F1D76ACDF00860E2A /* AppDelegate.m in Sources */,
				AB650BBE1D93CF1A0086FC86 /* UITextField+Utility.m in Sources */,
				29C327581E2295B200F2369E /* Products.m in Sources */,
				D0688ABC1D7802AE00FF9A05 /* SignUpViewController.m in Sources */,
				ABB9BB6B1D880EF500E84492 /* addCatagoryTextFieldTableViewCell.m in Sources */,
				2116066C1D76ACDF00860E2A /* main.m in Sources */,
				AB8CCAA51D8A98DB00793CFD /* addSubCategoryViewController.m in Sources */,
				D052A8781D7812BF004C8306 /* HomeViewController.m in Sources */,
				29F4510D1E2195F300B89989 /* ProductTableViewCell.m in Sources */,
				6F7CBBC01D8138DA00F2F541 /* SignUpButtonTableViewCell.m in Sources */,
				6F2E14751D7FE37B0020AA94 /* UIFont+Utility.m in Sources */,
				ABB9BB5C1D87F25200E84492 /* InventoryViewController.m in Sources */,
				AB8CCA9E1D8A8FDE00793CFD /* AddItemViewController.m in Sources */,
				29F451051E2135DA00B89989 /* CartViewController.m in Sources */,
				29C327621E22C9F000F2369E /* Cart.m in Sources */,
				ABB9BB651D88072900E84492 /* AddMainCategoryViewController.m in Sources */,
				29C327671E22CE6000F2369E /* CartItem.m in Sources */,
				29F451181E21A0C400B89989 /* ProductCartCell.m in Sources */,
			);
			runOnlyForDeploymentPostprocessing = 0;
		};
		2116067B1D76ACDF00860E2A /* Sources */ = {
			isa = PBXSourcesBuildPhase;
			buildActionMask = 2147483647;
			files = (
				211606861D76ACE000860E2A /* HouseJinniTests.m in Sources */,
			);
			runOnlyForDeploymentPostprocessing = 0;
		};
/* End PBXSourcesBuildPhase section */

/* Begin PBXTargetDependency section */
		211606811D76ACDF00860E2A /* PBXTargetDependency */ = {
			isa = PBXTargetDependency;
			target = 211606651D76ACDF00860E2A /* HouseJinni */;
			targetProxy = 211606801D76ACDF00860E2A /* PBXContainerItemProxy */;
		};
/* End PBXTargetDependency section */

/* Begin PBXVariantGroup section */
		211606781D76ACDF00860E2A /* LaunchScreen.xib */ = {
			isa = PBXVariantGroup;
			children = (
				211606791D76ACDF00860E2A /* Base */,
			);
			name = LaunchScreen.xib;
			sourceTree = "<group>";
		};
/* End PBXVariantGroup section */

/* Begin XCBuildConfiguration section */
		211606871D76ACE000860E2A /* Debug */ = {
			isa = XCBuildConfiguration;
			buildSettings = {
				ALWAYS_SEARCH_USER_PATHS = NO;
				CLANG_CXX_LANGUAGE_STANDARD = "gnu++0x";
				CLANG_CXX_LIBRARY = "libc++";
				CLANG_ENABLE_MODULES = YES;
				CLANG_ENABLE_OBJC_ARC = YES;
				CLANG_WARN_BOOL_CONVERSION = YES;
				CLANG_WARN_CONSTANT_CONVERSION = YES;
				CLANG_WARN_DIRECT_OBJC_ISA_USAGE = YES_ERROR;
				CLANG_WARN_EMPTY_BODY = YES;
				CLANG_WARN_ENUM_CONVERSION = YES;
				CLANG_WARN_INFINITE_RECURSION = YES;
				CLANG_WARN_INT_CONVERSION = YES;
				CLANG_WARN_OBJC_ROOT_CLASS = YES_ERROR;
				CLANG_WARN_SUSPICIOUS_MOVE = YES;
				CLANG_WARN_UNREACHABLE_CODE = YES;
				CLANG_WARN__DUPLICATE_METHOD_MATCH = YES;
				"CODE_SIGN_IDENTITY[sdk=iphoneos*]" = "iPhone Developer";
				COPY_PHASE_STRIP = NO;
				DEBUG_INFORMATION_FORMAT = "dwarf-with-dsym";
				ENABLE_STRICT_OBJC_MSGSEND = YES;
				ENABLE_TESTABILITY = YES;
				GCC_C_LANGUAGE_STANDARD = gnu99;
				GCC_DYNAMIC_NO_PIC = NO;
				GCC_NO_COMMON_BLOCKS = YES;
				GCC_OPTIMIZATION_LEVEL = 0;
				GCC_PREPROCESSOR_DEFINITIONS = (
					"DEBUG=1",
					"$(inherited)",
				);
				GCC_SYMBOLS_PRIVATE_EXTERN = NO;
				GCC_WARN_64_TO_32_BIT_CONVERSION = YES;
				GCC_WARN_ABOUT_RETURN_TYPE = YES_ERROR;
				GCC_WARN_UNDECLARED_SELECTOR = YES;
				GCC_WARN_UNINITIALIZED_AUTOS = YES_AGGRESSIVE;
				GCC_WARN_UNUSED_FUNCTION = YES;
				GCC_WARN_UNUSED_VARIABLE = YES;
				IPHONEOS_DEPLOYMENT_TARGET = 6.1;
				MTL_ENABLE_DEBUG_INFO = YES;
				ONLY_ACTIVE_ARCH = YES;
				SDKROOT = iphoneos;
			};
			name = Debug;
		};
		211606881D76ACE000860E2A /* Release */ = {
			isa = XCBuildConfiguration;
			buildSettings = {
				ALWAYS_SEARCH_USER_PATHS = NO;
				CLANG_CXX_LANGUAGE_STANDARD = "gnu++0x";
				CLANG_CXX_LIBRARY = "libc++";
				CLANG_ENABLE_MODULES = YES;
				CLANG_ENABLE_OBJC_ARC = YES;
				CLANG_WARN_BOOL_CONVERSION = YES;
				CLANG_WARN_CONSTANT_CONVERSION = YES;
				CLANG_WARN_DIRECT_OBJC_ISA_USAGE = YES_ERROR;
				CLANG_WARN_EMPTY_BODY = YES;
				CLANG_WARN_ENUM_CONVERSION = YES;
				CLANG_WARN_INFINITE_RECURSION = YES;
				CLANG_WARN_INT_CONVERSION = YES;
				CLANG_WARN_OBJC_ROOT_CLASS = YES_ERROR;
				CLANG_WARN_SUSPICIOUS_MOVE = YES;
				CLANG_WARN_UNREACHABLE_CODE = YES;
				CLANG_WARN__DUPLICATE_METHOD_MATCH = YES;
				"CODE_SIGN_IDENTITY[sdk=iphoneos*]" = "iPhone Developer";
				COPY_PHASE_STRIP = NO;
				DEBUG_INFORMATION_FORMAT = "dwarf-with-dsym";
				ENABLE_NS_ASSERTIONS = NO;
				ENABLE_STRICT_OBJC_MSGSEND = YES;
				GCC_C_LANGUAGE_STANDARD = gnu99;
				GCC_NO_COMMON_BLOCKS = YES;
				GCC_WARN_64_TO_32_BIT_CONVERSION = YES;
				GCC_WARN_ABOUT_RETURN_TYPE = YES_ERROR;
				GCC_WARN_UNDECLARED_SELECTOR = YES;
				GCC_WARN_UNINITIALIZED_AUTOS = YES_AGGRESSIVE;
				GCC_WARN_UNUSED_FUNCTION = YES;
				GCC_WARN_UNUSED_VARIABLE = YES;
				IPHONEOS_DEPLOYMENT_TARGET = 6.1;
				MTL_ENABLE_DEBUG_INFO = NO;
				SDKROOT = iphoneos;
				VALIDATE_PRODUCT = YES;
			};
			name = Release;
		};
		2116068A1D76ACE000860E2A /* Debug */ = {
			isa = XCBuildConfiguration;
			buildSettings = {
				ASSETCATALOG_COMPILER_APPICON_NAME = AppIcon;
				INFOPLIST_FILE = HouseJinni/Info.plist;
				IPHONEOS_DEPLOYMENT_TARGET = 8.0;
				LD_RUNPATH_SEARCH_PATHS = "$(inherited) @executable_path/Frameworks";
				PRODUCT_BUNDLE_IDENTIFIER = "com.iraniya.$(PRODUCT_NAME:rfc1034identifier)";
				PRODUCT_NAME = "$(TARGET_NAME)";
			};
			name = Debug;
		};
		2116068B1D76ACE000860E2A /* Release */ = {
			isa = XCBuildConfiguration;
			buildSettings = {
				ASSETCATALOG_COMPILER_APPICON_NAME = AppIcon;
				INFOPLIST_FILE = HouseJinni/Info.plist;
				IPHONEOS_DEPLOYMENT_TARGET = 8.0;
				LD_RUNPATH_SEARCH_PATHS = "$(inherited) @executable_path/Frameworks";
				PRODUCT_BUNDLE_IDENTIFIER = "com.iraniya.$(PRODUCT_NAME:rfc1034identifier)";
				PRODUCT_NAME = "$(TARGET_NAME)";
			};
			name = Release;
		};
		2116068D1D76ACE000860E2A /* Debug */ = {
			isa = XCBuildConfiguration;
			buildSettings = {
				BUNDLE_LOADER = "$(TEST_HOST)";
				FRAMEWORK_SEARCH_PATHS = (
					"$(SDKROOT)/Developer/Library/Frameworks",
					"$(inherited)",
				);
				GCC_PREPROCESSOR_DEFINITIONS = (
					"DEBUG=1",
					"$(inherited)",
				);
				INFOPLIST_FILE = HouseJinniTests/Info.plist;
				IPHONEOS_DEPLOYMENT_TARGET = 8.0;
				LD_RUNPATH_SEARCH_PATHS = "$(inherited) @executable_path/Frameworks @loader_path/Frameworks";
				PRODUCT_BUNDLE_IDENTIFIER = "com.iraniya.$(PRODUCT_NAME:rfc1034identifier)";
				PRODUCT_NAME = "$(TARGET_NAME)";
				TEST_HOST = "$(BUILT_PRODUCTS_DIR)/HouseJinni.app/HouseJinni";
			};
			name = Debug;
		};
		2116068E1D76ACE000860E2A /* Release */ = {
			isa = XCBuildConfiguration;
			buildSettings = {
				BUNDLE_LOADER = "$(TEST_HOST)";
				FRAMEWORK_SEARCH_PATHS = (
					"$(SDKROOT)/Developer/Library/Frameworks",
					"$(inherited)",
				);
				INFOPLIST_FILE = HouseJinniTests/Info.plist;
				IPHONEOS_DEPLOYMENT_TARGET = 8.0;
				LD_RUNPATH_SEARCH_PATHS = "$(inherited) @executable_path/Frameworks @loader_path/Frameworks";
				PRODUCT_BUNDLE_IDENTIFIER = "com.iraniya.$(PRODUCT_NAME:rfc1034identifier)";
				PRODUCT_NAME = "$(TARGET_NAME)";
				TEST_HOST = "$(BUILT_PRODUCTS_DIR)/HouseJinni.app/HouseJinni";
			};
			name = Release;
		};
/* End XCBuildConfiguration section */

/* Begin XCConfigurationList section */
		211606611D76ACDE00860E2A /* Build configuration list for PBXProject "HouseJinni" */ = {
			isa = XCConfigurationList;
			buildConfigurations = (
				211606871D76ACE000860E2A /* Debug */,
				211606881D76ACE000860E2A /* Release */,
			);
			defaultConfigurationIsVisible = 0;
			defaultConfigurationName = Release;
		};
		211606891D76ACE000860E2A /* Build configuration list for PBXNativeTarget "HouseJinni" */ = {
			isa = XCConfigurationList;
			buildConfigurations = (
				2116068A1D76ACE000860E2A /* Debug */,
				2116068B1D76ACE000860E2A /* Release */,
			);
			defaultConfigurationIsVisible = 0;
			defaultConfigurationName = Release;
		};
		2116068C1D76ACE000860E2A /* Build configuration list for PBXNativeTarget "HouseJinniTests" */ = {
			isa = XCConfigurationList;
			buildConfigurations = (
				2116068D1D76ACE000860E2A /* Debug */,
				2116068E1D76ACE000860E2A /* Release */,
			);
			defaultConfigurationIsVisible = 0;
			defaultConfigurationName = Release;
		};
/* End XCConfigurationList section */
	};
	rootObject = 2116065E1D76ACDE00860E2A /* Project object */;
}
