// !$*UTF8*$!
{
	archiveVersion = 1;
	classes = {
	};
	objectVersion = 46;
	objects = {

/* Begin PBXBuildFile section */
		2116066C1D76ACDF00860E2A /* main.m in Sources */ = {isa = PBXBuildFile; fileRef = 2116066B1D76ACDF00860E2A /* main.m */; };
		2116066F1D76ACDF00860E2A /* AppDelegate.m in Sources */ = {isa = PBXBuildFile; fileRef = 2116066E1D76ACDF00860E2A /* AppDelegate.m */; };
		211606721D76ACDF00860E2A /* ViewController.m in Sources */ = {isa = PBXBuildFile; fileRef = 211606711D76ACDF00860E2A /* ViewController.m */; };
		211606771D76ACDF00860E2A /* Images.xcassets in Resources */ = {isa = PBXBuildFile; fileRef = 211606761D76ACDF00860E2A /* Images.xcassets */; };
		2116067A1D76ACDF00860E2A /* LaunchScreen.xib in Resources */ = {isa = PBXBuildFile; fileRef = 211606781D76ACDF00860E2A /* LaunchScreen.xib */; };
		211606861D76ACE000860E2A /* HouseJinniTests.m in Sources */ = {isa = PBXBuildFile; fileRef = 211606851D76ACE000860E2A /* HouseJinniTests.m */; };
		211606901D76AD8F00860E2A /* ViewController.xib in Resources */ = {isa = PBXBuildFile; fileRef = 2116068F1D76AD8F00860E2A /* ViewController.xib */; };
		6FFA31FA1D7E8F1B0037EAF1 /* UserDataModel.m in Sources */ = {isa = PBXBuildFile; fileRef = 6FFA31F91D7E8F1B0037EAF1 /* UserDataModel.m */; };
		D052A8741D780F44004C8306 /* Default-568h@2x.png in Resources */ = {isa = PBXBuildFile; fileRef = D052A8731D780F44004C8306 /* Default-568h@2x.png */; };
		D052A8781D7812BF004C8306 /* HomeViewController.m in Sources */ = {isa = PBXBuildFile; fileRef = D052A8761D7812BF004C8306 /* HomeViewController.m */; };
		D052A8791D7812BF004C8306 /* HomeViewController.xib in Resources */ = {isa = PBXBuildFile; fileRef = D052A8771D7812BF004C8306 /* HomeViewController.xib */; };
		D0688ABC1D7802AE00FF9A05 /* SignUpViewController.m in Sources */ = {isa = PBXBuildFile; fileRef = D0688ABA1D7802AE00FF9A05 /* SignUpViewController.m */; };
		D0688ABD1D7802AE00FF9A05 /* SignUpViewController.xib in Resources */ = {isa = PBXBuildFile; fileRef = D0688ABB1D7802AE00FF9A05 /* SignUpViewController.xib */; };
		D0688AC11D78041A00FF9A05 /* SignUpTableViewCell.m in Sources */ = {isa = PBXBuildFile; fileRef = D0688ABF1D78041A00FF9A05 /* SignUpTableViewCell.m */; };
		D0688AC21D78041A00FF9A05 /* SignUpTableViewCell.xib in Resources */ = {isa = PBXBuildFile; fileRef = D0688AC01D78041A00FF9A05 /* SignUpTableViewCell.xib */; };
/* End PBXBuildFile section */

/* Begin PBXContainerItemProxy section */
		211606801D76ACDF00860E2A /* PBXContainerItemProxy */ = {
			isa = PBXContainerItemProxy;
			containerPortal = 2116065E1D76ACDE00860E2A /* Project object */;
			proxyType = 1;
			remoteGlobalIDString = 211606651D76ACDF00860E2A;
			remoteInfo = HouseJinni;
		};
/* End PBXContainerItemProxy section */

/* Begin PBXFileReference section */
		211606661D76ACDF00860E2A /* HouseJinni.app */ = {isa = PBXFileReference; explicitFileType = wrapper.application; includeInIndex = 0; path = HouseJinni.app; sourceTree = BUILT_PRODUCTS_DIR; };
		2116066A1D76ACDF00860E2A /* Info.plist */ = {isa = PBXFileReference; lastKnownFileType = text.plist.xml; path = Info.plist; sourceTree = "<group>"; };
		2116066B1D76ACDF00860E2A /* main.m */ = {isa = PBXFileReference; lastKnownFileType = sourcecode.c.objc; path = main.m; sourceTree = "<group>"; };
		2116066D1D76ACDF00860E2A /* AppDelegate.h */ = {isa = PBXFileReference; lastKnownFileType = sourcecode.c.h; path = AppDelegate.h; sourceTree = "<group>"; };
		2116066E1D76ACDF00860E2A /* AppDelegate.m */ = {isa = PBXFileReference; lastKnownFileType = sourcecode.c.objc; path = AppDelegate.m; sourceTree = "<group>"; };
		211606701D76ACDF00860E2A /* ViewController.h */ = {isa = PBXFileReference; lastKnownFileType = sourcecode.c.h; path = ViewController.h; sourceTree = "<group>"; };
		211606711D76ACDF00860E2A /* ViewController.m */ = {isa = PBXFileReference; lastKnownFileType = sourcecode.c.objc; path = ViewController.m; sourceTree = "<group>"; };
		211606761D76ACDF00860E2A /* Images.xcassets */ = {isa = PBXFileReference; lastKnownFileType = folder.assetcatalog; path = Images.xcassets; sourceTree = "<group>"; };
		211606791D76ACDF00860E2A /* Base */ = {isa = PBXFileReference; lastKnownFileType = file.xib; name = Base; path = Base.lproj/LaunchScreen.xib; sourceTree = "<group>"; };
		2116067F1D76ACDF00860E2A /* HouseJinniTests.xctest */ = {isa = PBXFileReference; explicitFileType = wrapper.cfbundle; includeInIndex = 0; path = HouseJinniTests.xctest; sourceTree = BUILT_PRODUCTS_DIR; };
		211606841D76ACE000860E2A /* Info.plist */ = {isa = PBXFileReference; lastKnownFileType = text.plist.xml; path = Info.plist; sourceTree = "<group>"; };
		211606851D76ACE000860E2A /* HouseJinniTests.m */ = {isa = PBXFileReference; lastKnownFileType = sourcecode.c.objc; path = HouseJinniTests.m; sourceTree = "<group>"; };
		2116068F1D76AD8F00860E2A /* ViewController.xib */ = {isa = PBXFileReference; fileEncoding = 4; lastKnownFileType = file.xib; path = ViewController.xib; sourceTree = "<group>"; };
		6FFA31F81D7E8F1B0037EAF1 /* UserDataModel.h */ = {isa = PBXFileReference; fileEncoding = 4; lastKnownFileType = sourcecode.c.h; path = UserDataModel.h; sourceTree = "<group>"; };
		6FFA31F91D7E8F1B0037EAF1 /* UserDataModel.m */ = {isa = PBXFileReference; fileEncoding = 4; lastKnownFileType = sourcecode.c.objc; path = UserDataModel.m; sourceTree = "<group>"; };
		D052A8731D780F44004C8306 /* Default-568h@2x.png */ = {isa = PBXFileReference; lastKnownFileType = image.png; path = "Default-568h@2x.png"; sourceTree = "<group>"; };
		D052A8751D7812BF004C8306 /* HomeViewController.h */ = {isa = PBXFileReference; fileEncoding = 4; lastKnownFileType = sourcecode.c.h; path = HomeViewController.h; sourceTree = "<group>"; };
		D052A8761D7812BF004C8306 /* HomeViewController.m */ = {isa = PBXFileReference; fileEncoding = 4; lastKnownFileType = sourcecode.c.objc; path = HomeViewController.m; sourceTree = "<group>"; };
		D052A8771D7812BF004C8306 /* HomeViewController.xib */ = {isa = PBXFileReference; fileEncoding = 4; lastKnownFileType = file.xib; path = HomeViewController.xib; sourceTree = "<group>"; };
		D0688AB91D7802AE00FF9A05 /* SignUpViewController.h */ = {isa = PBXFileReference; fileEncoding = 4; lastKnownFileType = sourcecode.c.h; path = SignUpViewController.h; sourceTree = "<group>"; };
		D0688ABA1D7802AE00FF9A05 /* SignUpViewController.m */ = {isa = PBXFileReference; fileEncoding = 4; lastKnownFileType = sourcecode.c.objc; path = SignUpViewController.m; sourceTree = "<group>"; };
		D0688ABB1D7802AE00FF9A05 /* SignUpViewController.xib */ = {isa = PBXFileReference; fileEncoding = 4; lastKnownFileType = file.xib; path = SignUpViewController.xib; sourceTree = "<group>"; };
		D0688ABE1D78041A00FF9A05 /* SignUpTableViewCell.h */ = {isa = PBXFileReference; fileEncoding = 4; lastKnownFileType = sourcecode.c.h; path = SignUpTableViewCell.h; sourceTree = "<group>"; };
		D0688ABF1D78041A00FF9A05 /* SignUpTableViewCell.m */ = {isa = PBXFileReference; fileEncoding = 4; lastKnownFileType = sourcecode.c.objc; path = SignUpTableViewCell.m; sourceTree = "<group>"; };
		D0688AC01D78041A00FF9A05 /* SignUpTableViewCell.xib */ = {isa = PBXFileReference; fileEncoding = 4; lastKnownFileType = file.xib; path = SignUpTableViewCell.xib; sourceTree = "<group>"; };
/* End PBXFileReference section */

/* Begin PBXFrameworksBuildPhase section */
		211606631D76ACDF00860E2A /* Frameworks */ = {
			isa = PBXFrameworksBuildPhase;
			buildActionMask = 2147483647;
			files = (
			);
			runOnlyForDeploymentPostprocessing = 0;
		};
		2116067C1D76ACDF00860E2A /* Frameworks */ = {
			isa = PBXFrameworksBuildPhase;
			buildActionMask = 2147483647;
			files = (
			);
			runOnlyForDeploymentPostprocessing = 0;
		};
/* End PBXFrameworksBuildPhase section */

/* Begin PBXGroup section */
		2116065D1D76ACDE00860E2A = {
			isa = PBXGroup;
			children = (
				D052A8731D780F44004C8306 /* Default-568h@2x.png */,
				6FFA31FB1D7E8F1F0037EAF1 /* UserDataModel */,
				211606681D76ACDF00860E2A /* HouseJinni */,
				211606821D76ACDF00860E2A /* HouseJinniTests */,
				211606671D76ACDF00860E2A /* Products */,
			);
			sourceTree = "<group>";
		};
		211606671D76ACDF00860E2A /* Products */ = {
			isa = PBXGroup;
			children = (
				211606661D76ACDF00860E2A /* HouseJinni.app */,
				2116067F1D76ACDF00860E2A /* HouseJinniTests.xctest */,
			);
			name = Products;
			sourceTree = "<group>";
		};
		211606681D76ACDF00860E2A /* HouseJinni */ = {
			isa = PBXGroup;
			children = (
				2116066D1D76ACDF00860E2A /* AppDelegate.h */,
				2116066E1D76ACDF00860E2A /* AppDelegate.m */,
				D01507361D78046B005D0BA0 /* LogIn */,
				D01507351D78045A005D0BA0 /* SignUp */,
				D052A87A1D7812C8004C8306 /* Home */,
				211606761D76ACDF00860E2A /* Images.xcassets */,
				211606781D76ACDF00860E2A /* LaunchScreen.xib */,
				211606691D76ACDF00860E2A /* Supporting Files */,
			);
			path = HouseJinni;
			sourceTree = "<group>";
		};
		211606691D76ACDF00860E2A /* Supporting Files */ = {
			isa = PBXGroup;
			children = (
				2116066A1D76ACDF00860E2A /* Info.plist */,
				2116066B1D76ACDF00860E2A /* main.m */,
			);
			name = "Supporting Files";
			sourceTree = "<group>";
		};
		211606821D76ACDF00860E2A /* HouseJinniTests */ = {
			isa = PBXGroup;
			children = (
				211606851D76ACE000860E2A /* HouseJinniTests.m */,
				211606831D76ACE000860E2A /* Supporting Files */,
			);
			path = HouseJinniTests;
			sourceTree = "<group>";
		};
		211606831D76ACE000860E2A /* Supporting Files */ = {
			isa = PBXGroup;
			children = (
				211606841D76ACE000860E2A /* Info.plist */,
			);
			name = "Supporting Files";
			sourceTree = "<group>";
		};
		6FFA31FB1D7E8F1F0037EAF1 /* UserDataModel */ = {
			isa = PBXGroup;
			children = (
				6FFA31F81D7E8F1B0037EAF1 /* UserDataModel.h */,
				6FFA31F91D7E8F1B0037EAF1 /* UserDataModel.m */,
			);
			name = UserDataModel;
			sourceTree = "<group>";
		};
		D01507341D780443005D0BA0 /* SignUpCell */ = {
			isa = PBXGroup;
			children = (
				D0688ABE1D78041A00FF9A05 /* SignUpTableViewCell.h */,
				D0688ABF1D78041A00FF9A05 /* SignUpTableViewCell.m */,
				D0688AC01D78041A00FF9A05 /* SignUpTableViewCell.xib */,
			);
			name = SignUpCell;
			sourceTree = "<group>";
		};
		D01507351D78045A005D0BA0 /* SignUp */ = {
			isa = PBXGroup;
			children = (
				D0688AB91D7802AE00FF9A05 /* SignUpViewController.h */,
				D0688ABA1D7802AE00FF9A05 /* SignUpViewController.m */,
				D0688ABB1D7802AE00FF9A05 /* SignUpViewController.xib */,
				D01507341D780443005D0BA0 /* SignUpCell */,
			);
			name = SignUp;
			sourceTree = "<group>";
		};
		D01507361D78046B005D0BA0 /* LogIn */ = {
			isa = PBXGroup;
			children = (
				211606701D76ACDF00860E2A /* ViewController.h */,
				211606711D76ACDF00860E2A /* ViewController.m */,
				2116068F1D76AD8F00860E2A /* ViewController.xib */,
			);
			name = LogIn;
			sourceTree = "<group>";
		};
		D052A87A1D7812C8004C8306 /* Home */ = {
			isa = PBXGroup;
			children = (
				D052A8751D7812BF004C8306 /* HomeViewController.h */,
				D052A8761D7812BF004C8306 /* HomeViewController.m */,
				D052A8771D7812BF004C8306 /* HomeViewController.xib */,
			);
			name = Home;
			sourceTree = "<group>";
		};
/* End PBXGroup section */

/* Begin PBXNativeTarget section */
		211606651D76ACDF00860E2A /* HouseJinni */ = {
			isa = PBXNativeTarget;
			buildConfigurationList = 211606891D76ACE000860E2A /* Build configuration list for PBXNativeTarget "HouseJinni" */;
			buildPhases = (
				211606621D76ACDF00860E2A /* Sources */,
				211606631D76ACDF00860E2A /* Frameworks */,
				211606641D76ACDF00860E2A /* Resources */,
			);
			buildRules = (
			);
			dependencies = (
			);
			name = HouseJinni;
			productName = HouseJinni;
			productReference = 211606661D76ACDF00860E2A /* HouseJinni.app */;
			productType = "com.apple.product-type.application";
		};
		2116067E1D76ACDF00860E2A /* HouseJinniTests */ = {
			isa = PBXNativeTarget;
			buildConfigurationList = 2116068C1D76ACE000860E2A /* Build configuration list for PBXNativeTarget "HouseJinniTests" */;
			buildPhases = (
				2116067B1D76ACDF00860E2A /* Sources */,
				2116067C1D76ACDF00860E2A /* Frameworks */,
				2116067D1D76ACDF00860E2A /* Resources */,
			);
			buildRules = (
			);
			dependencies = (
				211606811D76ACDF00860E2A /* PBXTargetDependency */,
			);
			name = HouseJinniTests;
			productName = HouseJinniTests;
			productReference = 2116067F1D76ACDF00860E2A /* HouseJinniTests.xctest */;
			productType = "com.apple.product-type.bundle.unit-test";
		};
/* End PBXNativeTarget section */

/* Begin PBXProject section */
		2116065E1D76ACDE00860E2A /* Project object */ = {
			isa = PBXProject;
			attributes = {
				LastUpgradeCheck = 0730;
				ORGANIZATIONNAME = Iraniya;
				TargetAttributes = {
					211606651D76ACDF00860E2A = {
						CreatedOnToolsVersion = 6.3;
					};
					2116067E1D76ACDF00860E2A = {
						CreatedOnToolsVersion = 6.3;
						TestTargetID = 211606651D76ACDF00860E2A;
					};
				};
			};
			buildConfigurationList = 211606611D76ACDE00860E2A /* Build configuration list for PBXProject "HouseJinni" */;
			compatibilityVersion = "Xcode 3.2";
			developmentRegion = English;
			hasScannedForEncodings = 0;
			knownRegions = (
				en,
				Base,
			);
			mainGroup = 2116065D1D76ACDE00860E2A;
			productRefGroup = 211606671D76ACDF00860E2A /* Products */;
			projectDirPath = "";
			projectRoot = "";
			targets = (
				211606651D76ACDF00860E2A /* HouseJinni */,
				2116067E1D76ACDF00860E2A /* HouseJinniTests */,
			);
		};
/* End PBXProject section */

/* Begin PBXResourcesBuildPhase section */
		211606641D76ACDF00860E2A /* Resources */ = {
			isa = PBXResourcesBuildPhase;
			buildActionMask = 2147483647;
			files = (
				D0688AC21D78041A00FF9A05 /* SignUpTableViewCell.xib in Resources */,
				2116067A1D76ACDF00860E2A /* LaunchScreen.xib in Resources */,
				211606901D76AD8F00860E2A /* ViewController.xib in Resources */,
				D0688ABD1D7802AE00FF9A05 /* SignUpViewController.xib in Resources */,
				211606771D76ACDF00860E2A /* Images.xcassets in Resources */,
				D052A8791D7812BF004C8306 /* HomeViewController.xib in Resources */,
				D052A8741D780F44004C8306 /* Default-568h@2x.png in Resources */,
			);
			runOnlyForDeploymentPostprocessing = 0;
		};
		2116067D1D76ACDF00860E2A /* Resources */ = {
			isa = PBXResourcesBuildPhase;
			buildActionMask = 2147483647;
			files = (
			);
			runOnlyForDeploymentPostprocessing = 0;
		};
/* End PBXResourcesBuildPhase section */

/* Begin PBXSourcesBuildPhase section */
		211606621D76ACDF00860E2A /* Sources */ = {
			isa = PBXSourcesBuildPhase;
			buildActionMask = 2147483647;
			files = (
				D0688AC11D78041A00FF9A05 /* SignUpTableViewCell.m in Sources */,
				6FFA31FA1D7E8F1B0037EAF1 /* UserDataModel.m in Sources */,
				211606721D76ACDF00860E2A /* ViewController.m in Sources */,
				2116066F1D76ACDF00860E2A /* AppDelegate.m in Sources */,
				D0688ABC1D7802AE00FF9A05 /* SignUpViewController.m in Sources */,
				2116066C1D76ACDF00860E2A /* main.m in Sources */,
				D052A8781D7812BF004C8306 /* HomeViewController.m in Sources */,
			);
			runOnlyForDeploymentPostprocessing = 0;
		};
		2116067B1D76ACDF00860E2A /* Sources */ = {
			isa = PBXSourcesBuildPhase;
			buildActionMask = 2147483647;
			files = (
				211606861D76ACE000860E2A /* HouseJinniTests.m in Sources */,
			);
			runOnlyForDeploymentPostprocessing = 0;
		};
/* End PBXSourcesBuildPhase section */

/* Begin PBXTargetDependency section */
		211606811D76ACDF00860E2A /* PBXTargetDependency */ = {
			isa = PBXTargetDependency;
			target = 211606651D76ACDF00860E2A /* HouseJinni */;
			targetProxy = 211606801D76ACDF00860E2A /* PBXContainerItemProxy */;
		};
/* End PBXTargetDependency section */

/* Begin PBXVariantGroup section */
		211606781D76ACDF00860E2A /* LaunchScreen.xib */ = {
			isa = PBXVariantGroup;
			children = (
				211606791D76ACDF00860E2A /* Base */,
			);
			name = LaunchScreen.xib;
			sourceTree = "<group>";
		};
/* End PBXVariantGroup section */

/* Begin XCBuildConfiguration section */
		211606871D76ACE000860E2A /* Debug */ = {
			isa = XCBuildConfiguration;
			buildSettings = {
				ALWAYS_SEARCH_USER_PATHS = NO;
				CLANG_CXX_LANGUAGE_STANDARD = "gnu++0x";
				CLANG_CXX_LIBRARY = "libc++";
				CLANG_ENABLE_MODULES = YES;
				CLANG_ENABLE_OBJC_ARC = YES;
				CLANG_WARN_BOOL_CONVERSION = YES;
				CLANG_WARN_CONSTANT_CONVERSION = YES;
				CLANG_WARN_DIRECT_OBJC_ISA_USAGE = YES_ERROR;
				CLANG_WARN_EMPTY_BODY = YES;
				CLANG_WARN_ENUM_CONVERSION = YES;
				CLANG_WARN_INT_CONVERSION = YES;
				CLANG_WARN_OBJC_ROOT_CLASS = YES_ERROR;
				CLANG_WARN_UNREACHABLE_CODE = YES;
				CLANG_WARN__DUPLICATE_METHOD_MATCH = YES;
				"CODE_SIGN_IDENTITY[sdk=iphoneos*]" = "iPhone Developer";
				COPY_PHASE_STRIP = NO;
				DEBUG_INFORMATION_FORMAT = "dwarf-with-dsym";
				ENABLE_STRICT_OBJC_MSGSEND = YES;
				ENABLE_TESTABILITY = YES;
				GCC_C_LANGUAGE_STANDARD = gnu99;
				GCC_DYNAMIC_NO_PIC = NO;
				GCC_NO_COMMON_BLOCKS = YES;
				GCC_OPTIMIZATION_LEVEL = 0;
				GCC_PREPROCESSOR_DEFINITIONS = (
					"DEBUG=1",
					"$(inherited)",
				);
				GCC_SYMBOLS_PRIVATE_EXTERN = NO;
				GCC_WARN_64_TO_32_BIT_CONVERSION = YES;
				GCC_WARN_ABOUT_RETURN_TYPE = YES_ERROR;
				GCC_WARN_UNDECLARED_SELECTOR = YES;
				GCC_WARN_UNINITIALIZED_AUTOS = YES_AGGRESSIVE;
				GCC_WARN_UNUSED_FUNCTION = YES;
				GCC_WARN_UNUSED_VARIABLE = YES;
				IPHONEOS_DEPLOYMENT_TARGET = 6.1;
				MTL_ENABLE_DEBUG_INFO = YES;
				ONLY_ACTIVE_ARCH = YES;
				SDKROOT = iphoneos;
			};
			name = Debug;
		};
		211606881D76ACE000860E2A /* Release */ = {
			isa = XCBuildConfiguration;
			buildSettings = {
				ALWAYS_SEARCH_USER_PATHS = NO;
				CLANG_CXX_LANGUAGE_STANDARD = "gnu++0x";
				CLANG_CXX_LIBRARY = "libc++";
				CLANG_ENABLE_MODULES = YES;
				CLANG_ENABLE_OBJC_ARC = YES;
				CLANG_WARN_BOOL_CONVERSION = YES;
				CLANG_WARN_CONSTANT_CONVERSION = YES;
				CLANG_WARN_DIRECT_OBJC_ISA_USAGE = YES_ERROR;
				CLANG_WARN_EMPTY_BODY = YES;
				CLANG_WARN_ENUM_CONVERSION = YES;
				CLANG_WARN_INT_CONVERSION = YES;
				CLANG_WARN_OBJC_ROOT_CLASS = YES_ERROR;
				CLANG_WARN_UNREACHABLE_CODE = YES;
				CLANG_WARN__DUPLICATE_METHOD_MATCH = YES;
				"CODE_SIGN_IDENTITY[sdk=iphoneos*]" = "iPhone Developer";
				COPY_PHASE_STRIP = NO;
				DEBUG_INFORMATION_FORMAT = "dwarf-with-dsym";
				ENABLE_NS_ASSERTIONS = NO;
				ENABLE_STRICT_OBJC_MSGSEND = YES;
				GCC_C_LANGUAGE_STANDARD = gnu99;
				GCC_NO_COMMON_BLOCKS = YES;
				GCC_WARN_64_TO_32_BIT_CONVERSION = YES;
				GCC_WARN_ABOUT_RETURN_TYPE = YES_ERROR;
				GCC_WARN_UNDECLARED_SELECTOR = YES;
				GCC_WARN_UNINITIALIZED_AUTOS = YES_AGGRESSIVE;
				GCC_WARN_UNUSED_FUNCTION = YES;
				GCC_WARN_UNUSED_VARIABLE = YES;
				IPHONEOS_DEPLOYMENT_TARGET = 6.1;
				MTL_ENABLE_DEBUG_INFO = NO;
				SDKROOT = iphoneos;
				VALIDATE_PRODUCT = YES;
			};
			name = Release;
		};
		2116068A1D76ACE000860E2A /* Debug */ = {
			isa = XCBuildConfiguration;
			buildSettings = {
				ASSETCATALOG_COMPILER_APPICON_NAME = AppIcon;
				INFOPLIST_FILE = HouseJinni/Info.plist;
				IPHONEOS_DEPLOYMENT_TARGET = 6.1;
				LD_RUNPATH_SEARCH_PATHS = "$(inherited) @executable_path/Frameworks";
				PRODUCT_BUNDLE_IDENTIFIER = "com.iraniya.$(PRODUCT_NAME:rfc1034identifier)";
				PRODUCT_NAME = "$(TARGET_NAME)";
			};
			name = Debug;
		};
		2116068B1D76ACE000860E2A /* Release */ = {
			isa = XCBuildConfiguration;
			buildSettings = {
				ASSETCATALOG_COMPILER_APPICON_NAME = AppIcon;
				INFOPLIST_FILE = HouseJinni/Info.plist;
				IPHONEOS_DEPLOYMENT_TARGET = 6.1;
				LD_RUNPATH_SEARCH_PATHS = "$(inherited) @executable_path/Frameworks";
				PRODUCT_BUNDLE_IDENTIFIER = "com.iraniya.$(PRODUCT_NAME:rfc1034identifier)";
				PRODUCT_NAME = "$(TARGET_NAME)";
			};
			name = Release;
		};
		2116068D1D76ACE000860E2A /* Debug */ = {
			isa = XCBuildConfiguration;
			buildSettings = {
				BUNDLE_LOADER = "$(TEST_HOST)";
				FRAMEWORK_SEARCH_PATHS = (
					"$(SDKROOT)/Developer/Library/Frameworks",
					"$(inherited)",
				);
				GCC_PREPROCESSOR_DEFINITIONS = (
					"DEBUG=1",
					"$(inherited)",
				);
				INFOPLIST_FILE = HouseJinniTests/Info.plist;
				IPHONEOS_DEPLOYMENT_TARGET = 6.1;
				LD_RUNPATH_SEARCH_PATHS = "$(inherited) @executable_path/Frameworks @loader_path/Frameworks";
				PRODUCT_BUNDLE_IDENTIFIER = "com.iraniya.$(PRODUCT_NAME:rfc1034identifier)";
				PRODUCT_NAME = "$(TARGET_NAME)";
				TEST_HOST = "$(BUILT_PRODUCTS_DIR)/HouseJinni.app/HouseJinni";
			};
			name = Debug;
		};
		2116068E1D76ACE000860E2A /* Release */ = {
			isa = XCBuildConfiguration;
			buildSettings = {
				BUNDLE_LOADER = "$(TEST_HOST)";
				FRAMEWORK_SEARCH_PATHS = (
					"$(SDKROOT)/Developer/Library/Frameworks",
					"$(inherited)",
				);
				INFOPLIST_FILE = HouseJinniTests/Info.plist;
				IPHONEOS_DEPLOYMENT_TARGET = 6.1;
				LD_RUNPATH_SEARCH_PATHS = "$(inherited) @executable_path/Frameworks @loader_path/Frameworks";
				PRODUCT_BUNDLE_IDENTIFIER = "com.iraniya.$(PRODUCT_NAME:rfc1034identifier)";
				PRODUCT_NAME = "$(TARGET_NAME)";
				TEST_HOST = "$(BUILT_PRODUCTS_DIR)/HouseJinni.app/HouseJinni";
			};
			name = Release;
		};
/* End XCBuildConfiguration section */

/* Begin XCConfigurationList section */
		211606611D76ACDE00860E2A /* Build configuration list for PBXProject "HouseJinni" */ = {
			isa = XCConfigurationList;
			buildConfigurations = (
				211606871D76ACE000860E2A /* Debug */,
				211606881D76ACE000860E2A /* Release */,
			);
			defaultConfigurationIsVisible = 0;
			defaultConfigurationName = Release;
		};
		211606891D76ACE000860E2A /* Build configuration list for PBXNativeTarget "HouseJinni" */ = {
			isa = XCConfigurationList;
			buildConfigurations = (
				2116068A1D76ACE000860E2A /* Debug */,
				2116068B1D76ACE000860E2A /* Release */,
			);
			defaultConfigurationIsVisible = 0;
			defaultConfigurationName = Release;
		};
		2116068C1D76ACE000860E2A /* Build configuration list for PBXNativeTarget "HouseJinniTests" */ = {
			isa = XCConfigurationList;
			buildConfigurations = (
				2116068D1D76ACE000860E2A /* Debug */,
				2116068E1D76ACE000860E2A /* Release */,
			);
			defaultConfigurationIsVisible = 0;
			defaultConfigurationName = Release;
		};
/* End XCConfigurationList section */
	};
	rootObject = 2116065E1D76ACDE00860E2A /* Project object */;
}
